
Microsoft Visual Studio Solution File, Format Version 12.00
# Visual Studio Version 17
VisualStudioVersion = 17.11.35222.181
MinimumVisualStudioVersion = 10.0.40219.1
Project("{FAE04EC0-301F-11D3-BF4B-00C04F79EFBC}") = "SAMunicipalServicesApp", "SAMunicipalServicesApp\SAMunicipalServicesApp.csproj", "{72B55BEE-CBB0-4CD6-BEAF-9906C0DEBE26}"
EndProject
Global
	GlobalSection(SolutionConfigurationPlatforms) = preSolution
		Debug|Any CPU = Debug|Any CPU
		Release|Any CPU = Release|Any CPU
	EndGlobalSection
	GlobalSection(ProjectConfigurationPlatforms) = postSolution
		{72B55BEE-CBB0-4CD6-BEAF-9906C0DEBE26}.Debug|Any CPU.ActiveCfg = Debug|Any CPU
		{72B55BEE-CBB0-4CD6-BEAF-9906C0DEBE26}.Debug|Any CPU.Build.0 = Debug|Any CPU
		{72B55BEE-CBB0-4CD6-BEAF-9906C0DEBE26}.Release|Any CPU.ActiveCfg = Release|Any CPU
		{72B55BEE-CBB0-4CD6-BEAF-9906C0DEBE26}.Release|Any CPU.Build.0 = Release|Any CPU
	EndGlobalSection
	GlobalSection(SolutionProperties) = preSolution
		HideSolutionNode = FALSE
	EndGlobalSection
	GlobalSection(ExtensibilityGlobals) = postSolution
		SolutionGuid = {B150EDE8-A875-49E2-A99D-DEA1F015959C}
	EndGlobalSection
EndGlobal
